
Microsoft Visual Studio Solution File, Format Version 12.00
# Visual Studio Version 16
VisualStudioVersion = 16.0.31229.75
MinimumVisualStudioVersion = 10.0.40219.1
Project("{FAE04EC0-301F-11D3-BF4B-00C04F79EFBC}") = "Run", "Run.csproj", "{9E96705A-E38A-4265-9604-D6551B803019}"
EndProject
Project("{FAE04EC0-301F-11D3-BF4B-00C04F79EFBC}") = "Common", "..\Common\Common.csproj", "{26D0829B-8D3E-4CFB-8AFE-F67BDC0B2665}"
EndProject
Global
	GlobalSection(SolutionConfigurationPlatforms) = preSolution
		Debug|Any CPU = Debug|Any CPU
		Release|Any CPU = Release|Any CPU
	EndGlobalSection
	GlobalSection(ProjectConfigurationPlatforms) = postSolution
		{9E96705A-E38A-4265-9604-D6551B803019}.Debug|Any CPU.ActiveCfg = Debug|Any CPU
		{9E96705A-E38A-4265-9604-D6551B803019}.Debug|Any CPU.Build.0 = Debug|Any CPU
		{9E96705A-E38A-4265-9604-D6551B803019}.Release|Any CPU.ActiveCfg = Release|Any CPU
		{9E96705A-E38A-4265-9604-D6551B803019}.Release|Any CPU.Build.0 = Release|Any CPU
		{26D0829B-8D3E-4CFB-8AFE-F67BDC0B2665}.Debug|Any CPU.ActiveCfg = Debug|Any CPU
		{26D0829B-8D3E-4CFB-8AFE-F67BDC0B2665}.Debug|Any CPU.Build.0 = Debug|Any CPU
		{26D0829B-8D3E-4CFB-8AFE-F67BDC0B2665}.Release|Any CPU.ActiveCfg = Release|Any CPU
		{26D0829B-8D3E-4CFB-8AFE-F67BDC0B2665}.Release|Any CPU.Build.0 = Release|Any CPU
	EndGlobalSection
	GlobalSection(SolutionProperties) = preSolution
		HideSolutionNode = FALSE
	EndGlobalSection
	GlobalSection(ExtensibilityGlobals) = postSolution
		SolutionGuid = {D0DEC2A0-53AB-4237-94C8-E4EDF08E30EC}
	EndGlobalSection
EndGlobal
